// !$*UTF8*$!
{
	archiveVersion = 1;
	classes = {
	};
	objectVersion = 46;
	objects = {

/* Begin PBXBuildFile section */
		D50345FF1B0487F600770313 /* main.m in Sources */ = {isa = PBXBuildFile; fileRef = D50345FE1B0487F600770313 /* main.m */; };
		D50346021B0487F600770313 /* AppDelegate.m in Sources */ = {isa = PBXBuildFile; fileRef = D50346011B0487F600770313 /* AppDelegate.m */; };
		D50346051B0487F600770313 /* ViewController.m in Sources */ = {isa = PBXBuildFile; fileRef = D50346041B0487F600770313 /* ViewController.m */; };
		D50346081B0487F600770313 /* Main.storyboard in Resources */ = {isa = PBXBuildFile; fileRef = D50346061B0487F600770313 /* Main.storyboard */; };
		D503460A1B0487F600770313 /* Images.xcassets in Resources */ = {isa = PBXBuildFile; fileRef = D50346091B0487F600770313 /* Images.xcassets */; };
		D503460D1B0487F600770313 /* LaunchScreen.xib in Resources */ = {isa = PBXBuildFile; fileRef = D503460B1B0487F600770313 /* LaunchScreen.xib */; };
		D50346191B0487F600770313 /* Fastest_Rpm_w2d4Tests.m in Sources */ = {isa = PBXBuildFile; fileRef = D50346181B0487F600770313 /* Fastest_Rpm_w2d4Tests.m */; };
		D50346251B048C1100770313 /* speedo.png in Resources */ = {isa = PBXBuildFile; fileRef = D50346241B048C1100770313 /* speedo.png */; };
/* End PBXBuildFile section */

/* Begin PBXContainerItemProxy section */
		D50346131B0487F600770313 /* PBXContainerItemProxy */ = {
			isa = PBXContainerItemProxy;
			containerPortal = D50345F11B0487F600770313 /* Project object */;
			proxyType = 1;
			remoteGlobalIDString = D50345F81B0487F600770313;
			remoteInfo = Fastest_Rpm_w2d4;
		};
/* End PBXContainerItemProxy section */

/* Begin PBXFileReference section */
		D50345F91B0487F600770313 /* Fastest_Rpm_w2d4.app */ = {isa = PBXFileReference; explicitFileType = wrapper.application; includeInIndex = 0; path = Fastest_Rpm_w2d4.app; sourceTree = BUILT_PRODUCTS_DIR; };
		D50345FD1B0487F600770313 /* Info.plist */ = {isa = PBXFileReference; lastKnownFileType = text.plist.xml; path = Info.plist; sourceTree = "<group>"; };
		D50345FE1B0487F600770313 /* main.m */ = {isa = PBXFileReference; lastKnownFileType = sourcecode.c.objc; path = main.m; sourceTree = "<group>"; };
		D50346001B0487F600770313 /* AppDelegate.h */ = {isa = PBXFileReference; lastKnownFileType = sourcecode.c.h; path = AppDelegate.h; sourceTree = "<group>"; };
		D50346011B0487F600770313 /* AppDelegate.m */ = {isa = PBXFileReference; lastKnownFileType = sourcecode.c.objc; path = AppDelegate.m; sourceTree = "<group>"; };
		D50346031B0487F600770313 /* ViewController.h */ = {isa = PBXFileReference; lastKnownFileType = sourcecode.c.h; path = ViewController.h; sourceTree = "<group>"; };
		D50346041B0487F600770313 /* ViewController.m */ = {isa = PBXFileReference; lastKnownFileType = sourcecode.c.objc; path = ViewController.m; sourceTree = "<group>"; };
		D50346071B0487F600770313 /* Base */ = {isa = PBXFileReference; lastKnownFileType = file.storyboard; name = Base; path = Base.lproj/Main.storyboard; sourceTree = "<group>"; };
		D50346091B0487F600770313 /* Images.xcassets */ = {isa = PBXFileReference; lastKnownFileType = folder.assetcatalog; path = Images.xcassets; sourceTree = "<group>"; };
		D503460C1B0487F600770313 /* Base */ = {isa = PBXFileReference; lastKnownFileType = file.xib; name = Base; path = Base.lproj/LaunchScreen.xib; sourceTree = "<group>"; };
		D50346121B0487F600770313 /* Fastest_Rpm_w2d4Tests.xctest */ = {isa = PBXFileReference; explicitFileType = wrapper.cfbundle; includeInIndex = 0; path = Fastest_Rpm_w2d4Tests.xctest; sourceTree = BUILT_PRODUCTS_DIR; };
		D50346171B0487F600770313 /* Info.plist */ = {isa = PBXFileReference; lastKnownFileType = text.plist.xml; path = Info.plist; sourceTree = "<group>"; };
		D50346181B0487F600770313 /* Fastest_Rpm_w2d4Tests.m */ = {isa = PBXFileReference; lastKnownFileType = sourcecode.c.objc; path = Fastest_Rpm_w2d4Tests.m; sourceTree = "<group>"; };
		D50346241B048C1100770313 /* speedo.png */ = {isa = PBXFileReference; lastKnownFileType = image.png; name = speedo.png; path = ../../../speedo.png; sourceTree = "<group>"; };
/* End PBXFileReference section */

/* Begin PBXFrameworksBuildPhase section */
		D50345F61B0487F600770313 /* Frameworks */ = {
			isa = PBXFrameworksBuildPhase;
			buildActionMask = 2147483647;
			files = (
			);
			runOnlyForDeploymentPostprocessing = 0;
		};
		D503460F1B0487F600770313 /* Frameworks */ = {
			isa = PBXFrameworksBuildPhase;
			buildActionMask = 2147483647;
			files = (
			);
			runOnlyForDeploymentPostprocessing = 0;
		};
/* End PBXFrameworksBuildPhase section */

/* Begin PBXGroup section */
		D50345F01B0487F600770313 = {
			isa = PBXGroup;
			children = (
				D50345FB1B0487F600770313 /* Fastest_Rpm_w2d4 */,
				D50346151B0487F600770313 /* Fastest_Rpm_w2d4Tests */,
				D50345FA1B0487F600770313 /* Products */,
			);
			sourceTree = "<group>";
		};
		D50345FA1B0487F600770313 /* Products */ = {
			isa = PBXGroup;
			children = (
				D50345F91B0487F600770313 /* Fastest_Rpm_w2d4.app */,
				D50346121B0487F600770313 /* Fastest_Rpm_w2d4Tests.xctest */,
			);
			name = Products;
			sourceTree = "<group>";
		};
		D50345FB1B0487F600770313 /* Fastest_Rpm_w2d4 */ = {
			isa = PBXGroup;
			children = (
				D50346001B0487F600770313 /* AppDelegate.h */,
				D50346011B0487F600770313 /* AppDelegate.m */,
				D50346031B0487F600770313 /* ViewController.h */,
				D50346041B0487F600770313 /* ViewController.m */,
				D50346241B048C1100770313 /* speedo.png */,
				D50346061B0487F600770313 /* Main.storyboard */,
				D50346091B0487F600770313 /* Images.xcassets */,
				D503460B1B0487F600770313 /* LaunchScreen.xib */,
				D50345FC1B0487F600770313 /* Supporting Files */,
			);
			path = Fastest_Rpm_w2d4;
			sourceTree = "<group>";
		};
		D50345FC1B0487F600770313 /* Supporting Files */ = {
			isa = PBXGroup;
			children = (
				D50345FD1B0487F600770313 /* Info.plist */,
				D50345FE1B0487F600770313 /* main.m */,
			);
			name = "Supporting Files";
			sourceTree = "<group>";
		};
		D50346151B0487F600770313 /* Fastest_Rpm_w2d4Tests */ = {
			isa = PBXGroup;
			children = (
				D50346181B0487F600770313 /* Fastest_Rpm_w2d4Tests.m */,
				D50346161B0487F600770313 /* Supporting Files */,
			);
			path = Fastest_Rpm_w2d4Tests;
			sourceTree = "<group>";
		};
		D50346161B0487F600770313 /* Supporting Files */ = {
			isa = PBXGroup;
			children = (
				D50346171B0487F600770313 /* Info.plist */,
			);
			name = "Supporting Files";
			sourceTree = "<group>";
		};
/* End PBXGroup section */

/* Begin PBXNativeTarget section */
		D50345F81B0487F600770313 /* Fastest_Rpm_w2d4 */ = {
			isa = PBXNativeTarget;
			buildConfigurationList = D503461C1B0487F600770313 /* Build configuration list for PBXNativeTarget "Fastest_Rpm_w2d4" */;
			buildPhases = (
				D50345F51B0487F600770313 /* Sources */,
				D50345F61B0487F600770313 /* Frameworks */,
				D50345F71B0487F600770313 /* Resources */,
			);
			buildRules = (
			);
			dependencies = (
			);
			name = Fastest_Rpm_w2d4;
			productName = Fastest_Rpm_w2d4;
			productReference = D50345F91B0487F600770313 /* Fastest_Rpm_w2d4.app */;
			productType = "com.apple.product-type.application";
		};
		D50346111B0487F600770313 /* Fastest_Rpm_w2d4Tests */ = {
			isa = PBXNativeTarget;
			buildConfigurationList = D503461F1B0487F600770313 /* Build configuration list for PBXNativeTarget "Fastest_Rpm_w2d4Tests" */;
			buildPhases = (
				D503460E1B0487F600770313 /* Sources */,
				D503460F1B0487F600770313 /* Frameworks */,
				D50346101B0487F600770313 /* Resources */,
			);
			buildRules = (
			);
			dependencies = (
				D50346141B0487F600770313 /* PBXTargetDependency */,
			);
			name = Fastest_Rpm_w2d4Tests;
			productName = Fastest_Rpm_w2d4Tests;
			productReference = D50346121B0487F600770313 /* Fastest_Rpm_w2d4Tests.xctest */;
			productType = "com.apple.product-type.bundle.unit-test";
		};
/* End PBXNativeTarget section */

/* Begin PBXProject section */
		D50345F11B0487F600770313 /* Project object */ = {
			isa = PBXProject;
			attributes = {
				LastUpgradeCheck = 0630;
				ORGANIZATIONNAME = "Sunny Surdhar";
				TargetAttributes = {
					D50345F81B0487F600770313 = {
						CreatedOnToolsVersion = 6.3.1;
					};
					D50346111B0487F600770313 = {
						CreatedOnToolsVersion = 6.3.1;
						TestTargetID = D50345F81B0487F600770313;
					};
				};
			};
			buildConfigurationList = D50345F41B0487F600770313 /* Build configuration list for PBXProject "Fastest_Rpm_w2d4" */;
			compatibilityVersion = "Xcode 3.2";
			developmentRegion = English;
			hasScannedForEncodings = 0;
			knownRegions = (
				en,
				Base,
			);
			mainGroup = D50345F01B0487F600770313;
			productRefGroup = D50345FA1B0487F600770313 /* Products */;
			projectDirPath = "";
			projectRoot = "";
			targets = (
				D50345F81B0487F600770313 /* Fastest_Rpm_w2d4 */,
				D50346111B0487F600770313 /* Fastest_Rpm_w2d4Tests */,
			);
		};
/* End PBXProject section */

/* Begin PBXResourcesBuildPhase section */
		D50345F71B0487F600770313 /* Resources */ = {
			isa = PBXResourcesBuildPhase;
			buildActionMask = 2147483647;
			files = (
				D50346081B0487F600770313 /* Main.storyboard in Resources */,
				D50346251B048C1100770313 /* speedo.png in Resources */,
				D503460D1B0487F600770313 /* LaunchScreen.xib in Resources */,
				D503460A1B0487F600770313 /* Images.xcassets in Resources */,
			);
			runOnlyForDeploymentPostprocessing = 0;
		};
		D50346101B0487F600770313 /* Resources */ = {
			isa = PBXResourcesBuildPhase;
			buildActionMask = 2147483647;
			files = (
			);
			runOnlyForDeploymentPostprocessing = 0;
		};
/* End PBXResourcesBuildPhase section */

/* Begin PBXSourcesBuildPhase section */
		D50345F51B0487F600770313 /* Sources */ = {
			isa = PBXSourcesBuildPhase;
			buildActionMask = 2147483647;
			files = (
				D50346051B0487F600770313 /* ViewController.m in Sources */,
				D50346021B0487F600770313 /* AppDelegate.m in Sources */,
				D50345FF1B0487F600770313 /* main.m in Sources */,
			);
			runOnlyForDeploymentPostprocessing = 0;
		};
		D503460E1B0487F600770313 /* Sources */ = {
			isa = PBXSourcesBuildPhase;
			buildActionMask = 2147483647;
			files = (
				D50346191B0487F600770313 /* Fastest_Rpm_w2d4Tests.m in Sources */,
			);
			runOnlyForDeploymentPostprocessing = 0;
		};
/* End PBXSourcesBuildPhase section */

/* Begin PBXTargetDependency section */
		D50346141B0487F600770313 /* PBXTargetDependency */ = {
			isa = PBXTargetDependency;
			target = D50345F81B0487F600770313 /* Fastest_Rpm_w2d4 */;
			targetProxy = D50346131B0487F600770313 /* PBXContainerItemProxy */;
		};
/* End PBXTargetDependency section */

/* Begin PBXVariantGroup section */
		D50346061B0487F600770313 /* Main.storyboard */ = {
			isa = PBXVariantGroup;
			children = (
				D50346071B0487F600770313 /* Base */,
			);
			name = Main.storyboard;
			sourceTree = "<group>";
		};
		D503460B1B0487F600770313 /* LaunchScreen.xib */ = {
			isa = PBXVariantGroup;
			children = (
				D503460C1B0487F600770313 /* Base */,
			);
			name = LaunchScreen.xib;
			sourceTree = "<group>";
		};
/* End PBXVariantGroup section */

/* Begin XCBuildConfiguration section */
		D503461A1B0487F600770313 /* Debug */ = {
			isa = XCBuildConfiguration;
			buildSettings = {
				ALWAYS_SEARCH_USER_PATHS = NO;
				CLANG_CXX_LANGUAGE_STANDARD = "gnu++0x";
				CLANG_CXX_LIBRARY = "libc++";
				CLANG_ENABLE_MODULES = YES;
				CLANG_ENABLE_OBJC_ARC = YES;
				CLANG_WARN_BOOL_CONVERSION = YES;
				CLANG_WARN_CONSTANT_CONVERSION = YES;
				CLANG_WARN_DIRECT_OBJC_ISA_USAGE = YES_ERROR;
				CLANG_WARN_EMPTY_BODY = YES;
				CLANG_WARN_ENUM_CONVERSION = YES;
				CLANG_WARN_INT_CONVERSION = YES;
				CLANG_WARN_OBJC_ROOT_CLASS = YES_ERROR;
				CLANG_WARN_UNREACHABLE_CODE = YES;
				CLANG_WARN__DUPLICATE_METHOD_MATCH = YES;
				"CODE_SIGN_IDENTITY[sdk=iphoneos*]" = "iPhone Developer";
				COPY_PHASE_STRIP = NO;
				DEBUG_INFORMATION_FORMAT = "dwarf-with-dsym";
				ENABLE_STRICT_OBJC_MSGSEND = YES;
				GCC_C_LANGUAGE_STANDARD = gnu99;
				GCC_DYNAMIC_NO_PIC = NO;
				GCC_NO_COMMON_BLOCKS = YES;
				GCC_OPTIMIZATION_LEVEL = 0;
				GCC_PREPROCESSOR_DEFINITIONS = (
					"DEBUG=1",
					"$(inherited)",
				);
				GCC_SYMBOLS_PRIVATE_EXTERN = NO;
				GCC_WARN_64_TO_32_BIT_CONVERSION = YES;
				GCC_WARN_ABOUT_RETURN_TYPE = YES_ERROR;
				GCC_WARN_UNDECLARED_SELECTOR = YES;
				GCC_WARN_UNINITIALIZED_AUTOS = YES_AGGRESSIVE;
				GCC_WARN_UNUSED_FUNCTION = YES;
				GCC_WARN_UNUSED_VARIABLE = YES;
				IPHONEOS_DEPLOYMENT_TARGET = 8.3;
				MTL_ENABLE_DEBUG_INFO = YES;
				ONLY_ACTIVE_ARCH = YES;
				SDKROOT = iphoneos;
			};
			name = Debug;
		};
		D503461B1B0487F600770313 /* Release */ = {
			isa = XCBuildConfiguration;
			buildSettings = {
				ALWAYS_SEARCH_USER_PATHS = NO;
				CLANG_CXX_LANGUAGE_STANDARD = "gnu++0x";
				CLANG_CXX_LIBRARY = "libc++";
				CLANG_ENABLE_MODULES = YES;
				CLANG_ENABLE_OBJC_ARC = YES;
				CLANG_WARN_BOOL_CONVERSION = YES;
				CLANG_WARN_CONSTANT_CONVERSION = YES;
				CLANG_WARN_DIRECT_OBJC_ISA_USAGE = YES_ERROR;
				CLANG_WARN_EMPTY_BODY = YES;
				CLANG_WARN_ENUM_CONVERSION = YES;
				CLANG_WARN_INT_CONVERSION = YES;
				CLANG_WARN_OBJC_ROOT_CLASS = YES_ERROR;
				CLANG_WARN_UNREACHABLE_CODE = YES;
				CLANG_WARN__DUPLICATE_METHOD_MATCH = YES;
				"CODE_SIGN_IDENTITY[sdk=iphoneos*]" = "iPhone Developer";
				COPY_PHASE_STRIP = NO;
				DEBUG_INFORMATION_FORMAT = "dwarf-with-dsym";
				ENABLE_NS_ASSERTIONS = NO;
				ENABLE_STRICT_OBJC_MSGSEND = YES;
				GCC_C_LANGUAGE_STANDARD = gnu99;
				GCC_NO_COMMON_BLOCKS = YES;
				GCC_WARN_64_TO_32_BIT_CONVERSION = YES;
				GCC_WARN_ABOUT_RETURN_TYPE = YES_ERROR;
				GCC_WARN_UNDECLARED_SELECTOR = YES;
				GCC_WARN_UNINITIALIZED_AUTOS = YES_AGGRESSIVE;
				GCC_WARN_UNUSED_FUNCTION = YES;
				GCC_WARN_UNUSED_VARIABLE = YES;
				IPHONEOS_DEPLOYMENT_TARGET = 8.3;
				MTL_ENABLE_DEBUG_INFO = NO;
				SDKROOT = iphoneos;
				VALIDATE_PRODUCT = YES;
			};
			name = Release;
		};
		D503461D1B0487F600770313 /* Debug */ = {
			isa = XCBuildConfiguration;
			buildSettings = {
				ASSETCATALOG_COMPILER_APPICON_NAME = AppIcon;
				INFOPLIST_FILE = Fastest_Rpm_w2d4/Info.plist;
				LD_RUNPATH_SEARCH_PATHS = "$(inherited) @executable_path/Frameworks";
				PRODUCT_NAME = "$(TARGET_NAME)";
			};
			name = Debug;
		};
		D503461E1B0487F600770313 /* Release */ = {
			isa = XCBuildConfiguration;
			buildSettings = {
				ASSETCATALOG_COMPILER_APPICON_NAME = AppIcon;
				INFOPLIST_FILE = Fastest_Rpm_w2d4/Info.plist;
				LD_RUNPATH_SEARCH_PATHS = "$(inherited) @executable_path/Frameworks";
				PRODUCT_NAME = "$(TARGET_NAME)";
			};
			name = Release;
		};
		D50346201B0487F600770313 /* Debug */ = {
			isa = XCBuildConfiguration;
			buildSettings = {
				BUNDLE_LOADER = "$(TEST_HOST)";
				FRAMEWORK_SEARCH_PATHS = (
					"$(SDKROOT)/Developer/Library/Frameworks",
					"$(inherited)",
				);
				GCC_PREPROCESSOR_DEFINITIONS = (
					"DEBUG=1",
					"$(inherited)",
				);
				INFOPLIST_FILE = Fastest_Rpm_w2d4Tests/Info.plist;
				LD_RUNPATH_SEARCH_PATHS = "$(inherited) @executable_path/Frameworks @loader_path/Frameworks";
				PRODUCT_NAME = "$(TARGET_NAME)";
				TEST_HOST = "$(BUILT_PRODUCTS_DIR)/Fastest_Rpm_w2d4.app/Fastest_Rpm_w2d4";
			};
			name = Debug;
		};
		D50346211B0487F600770313 /* Release */ = {
			isa = XCBuildConfiguration;
			buildSettings = {
				BUNDLE_LOADER = "$(TEST_HOST)";
				FRAMEWORK_SEARCH_PATHS = (
					"$(SDKROOT)/Developer/Library/Frameworks",
					"$(inherited)",
				);
				INFOPLIST_FILE = Fastest_Rpm_w2d4Tests/Info.plist;
				LD_RUNPATH_SEARCH_PATHS = "$(inherited) @executable_path/Frameworks @loader_path/Frameworks";
				PRODUCT_NAME = "$(TARGET_NAME)";
				TEST_HOST = "$(BUILT_PRODUCTS_DIR)/Fastest_Rpm_w2d4.app/Fastest_Rpm_w2d4";
			};
			name = Release;
		};
/* End XCBuildConfiguration section */

/* Begin XCConfigurationList section */
		D50345F41B0487F600770313 /* Build configuration list for PBXProject "Fastest_Rpm_w2d4" */ = {
			isa = XCConfigurationList;
			buildConfigurations = (
				D503461A1B0487F600770313 /* Debug */,
				D503461B1B0487F600770313 /* Release */,
			);
			defaultConfigurationIsVisible = 0;
			defaultConfigurationName = Release;
		};
		D503461C1B0487F600770313 /* Build configuration list for PBXNativeTarget "Fastest_Rpm_w2d4" */ = {
			isa = XCConfigurationList;
			buildConfigurations = (
				D503461D1B0487F600770313 /* Debug */,
				D503461E1B0487F600770313 /* Release */,
			);
			defaultConfigurationIsVisible = 0;
			defaultConfigurationName = Release;
		};
		D503461F1B0487F600770313 /* Build configuration list for PBXNativeTarget "Fastest_Rpm_w2d4Tests" */ = {
			isa = XCConfigurationList;
			buildConfigurations = (
				D50346201B0487F600770313 /* Debug */,
				D50346211B0487F600770313 /* Release */,
			);
			defaultConfigurationIsVisible = 0;
			defaultConfigurationName = Release;
		};
/* End XCConfigurationList section */
	};
	rootObject = D50345F11B0487F600770313 /* Project object */;
}
